{
  "name": "@rq-cli/cli",
  "version": "1.0.0",
  "lockfileVersion": 3,
  "requires": true,
  "packages": {
    "": {
      "name": "@rq-cli/cli",
      "version": "1.0.0",
      "license": "ISC",
      "dependencies": {
        "@rq-cli/utils": "file:../../utils/utils"
      },
      "bin": {
        "rq-cli": "bin/index.js"
      }
    },
    "../../utils/utils": {
      "name": "@rq-cli/utils",
      "version": "1.0.0",
      "license": "ISC"
    },
    "node_modules/@rq-cli/utils": {
      "resolved": "../../utils/utils",
      "link": true
    }
  }
}
